// !$*UTF8*$!
{
	archiveVersion = 1;
	classes = {
	};
	objectVersion = 56;
	objects = {

/* Begin PBXBuildFile section */
		0473256B2C11D548001929CE /* AppDelegate.swift in Sources */ = {isa = PBXBuildFile; fileRef = 0473256A2C11D548001929CE /* AppDelegate.swift */; };
		0473256D2C11D548001929CE /* SceneDelegate.swift in Sources */ = {isa = PBXBuildFile; fileRef = 0473256C2C11D548001929CE /* SceneDelegate.swift */; };
		0473256F2C11D548001929CE /* ViewController.swift in Sources */ = {isa = PBXBuildFile; fileRef = 0473256E2C11D548001929CE /* ViewController.swift */; };
		047325722C11D548001929CE /* Base in Resources */ = {isa = PBXBuildFile; fileRef = 047325712C11D548001929CE /* Base */; };
		047325752C11D548001929CE /* demo.xcdatamodeld in Sources */ = {isa = PBXBuildFile; fileRef = 047325732C11D548001929CE /* demo.xcdatamodeld */; };
		047325772C11D549001929CE /* Assets.xcassets in Resources */ = {isa = PBXBuildFile; fileRef = 047325762C11D549001929CE /* Assets.xcassets */; };
		0473257A2C11D549001929CE /* Base in Resources */ = {isa = PBXBuildFile; fileRef = 047325792C11D549001929CE /* Base */; };
		047325852C11D549001929CE /* demoTests.swift in Sources */ = {isa = PBXBuildFile; fileRef = 047325842C11D549001929CE /* demoTests.swift */; };
		0473258F2C11D549001929CE /* demoUITests.swift in Sources */ = {isa = PBXBuildFile; fileRef = 0473258E2C11D549001929CE /* demoUITests.swift */; };
		047325912C11D549001929CE /* demoUITestsLaunchTests.swift in Sources */ = {isa = PBXBuildFile; fileRef = 047325902C11D549001929CE /* demoUITestsLaunchTests.swift */; };
		0473259E2C11DC91001929CE /* ListViewModel.swift in Sources */ = {isa = PBXBuildFile; fileRef = 0473259D2C11DC91001929CE /* ListViewModel.swift */; };
		047325A02C11DCA2001929CE /* ListModel.swift in Sources */ = {isa = PBXBuildFile; fileRef = 0473259F2C11DCA2001929CE /* ListModel.swift */; };
		047325A32C12CD31001929CE /* TableViewCell.swift in Sources */ = {isa = PBXBuildFile; fileRef = 047325A12C12CD31001929CE /* TableViewCell.swift */; };
		047325A42C12CD31001929CE /* TableViewCell.xib in Resources */ = {isa = PBXBuildFile; fileRef = 047325A22C12CD31001929CE /* TableViewCell.xib */; };
/* End PBXBuildFile section */

/* Begin PBXContainerItemProxy section */
		047325812C11D549001929CE /* PBXContainerItemProxy */ = {
			isa = PBXContainerItemProxy;
			containerPortal = 0473255F2C11D548001929CE /* Project object */;
			proxyType = 1;
			remoteGlobalIDString = 047325662C11D548001929CE;
			remoteInfo = demo;
		};
		0473258B2C11D549001929CE /* PBXContainerItemProxy */ = {
			isa = PBXContainerItemProxy;
			containerPortal = 0473255F2C11D548001929CE /* Project object */;
			proxyType = 1;
			remoteGlobalIDString = 047325662C11D548001929CE;
			remoteInfo = demo;
		};
/* End PBXContainerItemProxy section */

/* Begin PBXFileReference section */
		047325672C11D548001929CE /* demo.app */ = {isa = PBXFileReference; explicitFileType = wrapper.application; includeInIndex = 0; path = demo.app; sourceTree = BUILT_PRODUCTS_DIR; };
		0473256A2C11D548001929CE /* AppDelegate.swift */ = {isa = PBXFileReference; lastKnownFileType = sourcecode.swift; path = AppDelegate.swift; sourceTree = "<group>"; };
		0473256C2C11D548001929CE /* SceneDelegate.swift */ = {isa = PBXFileReference; lastKnownFileType = sourcecode.swift; path = SceneDelegate.swift; sourceTree = "<group>"; };
		0473256E2C11D548001929CE /* ViewController.swift */ = {isa = PBXFileReference; lastKnownFileType = sourcecode.swift; path = ViewController.swift; sourceTree = "<group>"; };
		047325712C11D548001929CE /* Base */ = {isa = PBXFileReference; lastKnownFileType = file.storyboard; name = Base; path = Base.lproj/Main.storyboard; sourceTree = "<group>"; };
		047325742C11D548001929CE /* demo.xcdatamodel */ = {isa = PBXFileReference; lastKnownFileType = wrapper.xcdatamodel; path = demo.xcdatamodel; sourceTree = "<group>"; };
		047325762C11D549001929CE /* Assets.xcassets */ = {isa = PBXFileReference; lastKnownFileType = folder.assetcatalog; path = Assets.xcassets; sourceTree = "<group>"; };
		047325792C11D549001929CE /* Base */ = {isa = PBXFileReference; lastKnownFileType = file.storyboard; name = Base; path = Base.lproj/LaunchScreen.storyboard; sourceTree = "<group>"; };
		0473257B2C11D549001929CE /* Info.plist */ = {isa = PBXFileReference; lastKnownFileType = text.plist.xml; path = Info.plist; sourceTree = "<group>"; };
		047325802C11D549001929CE /* demoTests.xctest */ = {isa = PBXFileReference; explicitFileType = wrapper.cfbundle; includeInIndex = 0; path = demoTests.xctest; sourceTree = BUILT_PRODUCTS_DIR; };
		047325842C11D549001929CE /* demoTests.swift */ = {isa = PBXFileReference; lastKnownFileType = sourcecode.swift; path = demoTests.swift; sourceTree = "<group>"; };
		0473258A2C11D549001929CE /* demoUITests.xctest */ = {isa = PBXFileReference; explicitFileType = wrapper.cfbundle; includeInIndex = 0; path = demoUITests.xctest; sourceTree = BUILT_PRODUCTS_DIR; };
		0473258E2C11D549001929CE /* demoUITests.swift */ = {isa = PBXFileReference; lastKnownFileType = sourcecode.swift; path = demoUITests.swift; sourceTree = "<group>"; };
		047325902C11D549001929CE /* demoUITestsLaunchTests.swift */ = {isa = PBXFileReference; lastKnownFileType = sourcecode.swift; path = demoUITestsLaunchTests.swift; sourceTree = "<group>"; };
		0473259D2C11DC91001929CE /* ListViewModel.swift */ = {isa = PBXFileReference; lastKnownFileType = sourcecode.swift; path = ListViewModel.swift; sourceTree = "<group>"; };
		0473259F2C11DCA2001929CE /* ListModel.swift */ = {isa = PBXFileReference; lastKnownFileType = sourcecode.swift; path = ListModel.swift; sourceTree = "<group>"; };
		047325A12C12CD31001929CE /* TableViewCell.swift */ = {isa = PBXFileReference; lastKnownFileType = sourcecode.swift; path = TableViewCell.swift; sourceTree = "<group>"; };
		047325A22C12CD31001929CE /* TableViewCell.xib */ = {isa = PBXFileReference; lastKnownFileType = file.xib; path = TableViewCell.xib; sourceTree = "<group>"; };
/* End PBXFileReference section */

/* Begin PBXFrameworksBuildPhase section */
		047325642C11D548001929CE /* Frameworks */ = {
			isa = PBXFrameworksBuildPhase;
			buildActionMask = 2147483647;
			files = (
			);
			runOnlyForDeploymentPostprocessing = 0;
		};
		0473257D2C11D549001929CE /* Frameworks */ = {
			isa = PBXFrameworksBuildPhase;
			buildActionMask = 2147483647;
			files = (
			);
			runOnlyForDeploymentPostprocessing = 0;
		};
		047325872C11D549001929CE /* Frameworks */ = {
			isa = PBXFrameworksBuildPhase;
			buildActionMask = 2147483647;
			files = (
			);
			runOnlyForDeploymentPostprocessing = 0;
		};
/* End PBXFrameworksBuildPhase section */

/* Begin PBXGroup section */
		0473255E2C11D548001929CE = {
			isa = PBXGroup;
			children = (
				047325692C11D548001929CE /* demo */,
				047325832C11D549001929CE /* demoTests */,
				0473258D2C11D549001929CE /* demoUITests */,
				047325682C11D548001929CE /* Products */,
			);
			sourceTree = "<group>";
		};
		047325682C11D548001929CE /* Products */ = {
			isa = PBXGroup;
			children = (
				047325672C11D548001929CE /* demo.app */,
				047325802C11D549001929CE /* demoTests.xctest */,
				0473258A2C11D549001929CE /* demoUITests.xctest */,
			);
			name = Products;
			sourceTree = "<group>";
		};
		047325692C11D548001929CE /* demo */ = {
			isa = PBXGroup;
			children = (
				0473256A2C11D548001929CE /* AppDelegate.swift */,
				0473256C2C11D548001929CE /* SceneDelegate.swift */,
				0473256E2C11D548001929CE /* ViewController.swift */,
				0473259D2C11DC91001929CE /* ListViewModel.swift */,
				0473259F2C11DCA2001929CE /* ListModel.swift */,
				047325702C11D548001929CE /* Main.storyboard */,
				047325A12C12CD31001929CE /* TableViewCell.swift */,
				047325A22C12CD31001929CE /* TableViewCell.xib */,
				047325762C11D549001929CE /* Assets.xcassets */,
				047325782C11D549001929CE /* LaunchScreen.storyboard */,
				0473257B2C11D549001929CE /* Info.plist */,
				047325732C11D548001929CE /* demo.xcdatamodeld */,
			);
			path = demo;
			sourceTree = "<group>";
		};
		047325832C11D549001929CE /* demoTests */ = {
			isa = PBXGroup;
			children = (
				047325842C11D549001929CE /* demoTests.swift */,
			);
			path = demoTests;
			sourceTree = "<group>";
		};
		0473258D2C11D549001929CE /* demoUITests */ = {
			isa = PBXGroup;
			children = (
				0473258E2C11D549001929CE /* demoUITests.swift */,
				047325902C11D549001929CE /* demoUITestsLaunchTests.swift */,
			);
			path = demoUITests;
			sourceTree = "<group>";
		};
/* End PBXGroup section */

/* Begin PBXNativeTarget section */
		047325662C11D548001929CE /* demo */ = {
			isa = PBXNativeTarget;
			buildConfigurationList = 047325942C11D549001929CE /* Build configuration list for PBXNativeTarget "demo" */;
			buildPhases = (
				047325632C11D548001929CE /* Sources */,
				047325642C11D548001929CE /* Frameworks */,
				047325652C11D548001929CE /* Resources */,
			);
			buildRules = (
			);
			dependencies = (
			);
			name = demo;
			productName = demo;
			productReference = 047325672C11D548001929CE /* demo.app */;
			productType = "com.apple.product-type.application";
		};
		0473257F2C11D549001929CE /* demoTests */ = {
			isa = PBXNativeTarget;
			buildConfigurationList = 047325972C11D549001929CE /* Build configuration list for PBXNativeTarget "demoTests" */;
			buildPhases = (
				0473257C2C11D549001929CE /* Sources */,
				0473257D2C11D549001929CE /* Frameworks */,
				0473257E2C11D549001929CE /* Resources */,
			);
			buildRules = (
			);
			dependencies = (
				047325822C11D549001929CE /* PBXTargetDependency */,
			);
			name = demoTests;
			productName = demoTests;
			productReference = 047325802C11D549001929CE /* demoTests.xctest */;
			productType = "com.apple.product-type.bundle.unit-test";
		};
		047325892C11D549001929CE /* demoUITests */ = {
			isa = PBXNativeTarget;
			buildConfigurationList = 0473259A2C11D549001929CE /* Build configuration list for PBXNativeTarget "demoUITests" */;
			buildPhases = (
				047325862C11D549001929CE /* Sources */,
				047325872C11D549001929CE /* Frameworks */,
				047325882C11D549001929CE /* Resources */,
			);
			buildRules = (
			);
			dependencies = (
				0473258C2C11D549001929CE /* PBXTargetDependency */,
			);
			name = demoUITests;
			productName = demoUITests;
			productReference = 0473258A2C11D549001929CE /* demoUITests.xctest */;
			productType = "com.apple.product-type.bundle.ui-testing";
		};
/* End PBXNativeTarget section */

/* Begin PBXProject section */
		0473255F2C11D548001929CE /* Project object */ = {
			isa = PBXProject;
			attributes = {
				BuildIndependentTargetsInParallel = 1;
				LastSwiftUpdateCheck = 1540;
				LastUpgradeCheck = 1540;
				TargetAttributes = {
					047325662C11D548001929CE = {
						CreatedOnToolsVersion = 15.4;
					};
					0473257F2C11D549001929CE = {
						CreatedOnToolsVersion = 15.4;
						TestTargetID = 047325662C11D548001929CE;
					};
					047325892C11D549001929CE = {
						CreatedOnToolsVersion = 15.4;
						TestTargetID = 047325662C11D548001929CE;
					};
				};
			};
			buildConfigurationList = 047325622C11D548001929CE /* Build configuration list for PBXProject "demo" */;
			compatibilityVersion = "Xcode 14.0";
			developmentRegion = en;
			hasScannedForEncodings = 0;
			knownRegions = (
				en,
				Base,
			);
			mainGroup = 0473255E2C11D548001929CE;
			productRefGroup = 047325682C11D548001929CE /* Products */;
			projectDirPath = "";
			projectRoot = "";
			targets = (
				047325662C11D548001929CE /* demo */,
				0473257F2C11D549001929CE /* demoTests */,
				047325892C11D549001929CE /* demoUITests */,
			);
		};
/* End PBXProject section */

/* Begin PBXResourcesBuildPhase section */
		047325652C11D548001929CE /* Resources */ = {
			isa = PBXResourcesBuildPhase;
			buildActionMask = 2147483647;
			files = (
				047325772C11D549001929CE /* Assets.xcassets in Resources */,
				047325A42C12CD31001929CE /* TableViewCell.xib in Resources */,
				0473257A2C11D549001929CE /* Base in Resources */,
				047325722C11D548001929CE /* Base in Resources */,
			);
			runOnlyForDeploymentPostprocessing = 0;
		};
		0473257E2C11D549001929CE /* Resources */ = {
			isa = PBXResourcesBuildPhase;
			buildActionMask = 2147483647;
			files = (
			);
			runOnlyForDeploymentPostprocessing = 0;
		};
		047325882C11D549001929CE /* Resources */ = {
			isa = PBXResourcesBuildPhase;
			buildActionMask = 2147483647;
			files = (
			);
			runOnlyForDeploymentPostprocessing = 0;
		};
/* End PBXResourcesBuildPhase section */

/* Begin PBXSourcesBuildPhase section */
		047325632C11D548001929CE /* Sources */ = {
			isa = PBXSourcesBuildPhase;
			buildActionMask = 2147483647;
			files = (
				0473259E2C11DC91001929CE /* ListViewModel.swift in Sources */,
				0473256F2C11D548001929CE /* ViewController.swift in Sources */,
				0473256B2C11D548001929CE /* AppDelegate.swift in Sources */,
				047325A02C11DCA2001929CE /* ListModel.swift in Sources */,
				047325752C11D548001929CE /* demo.xcdatamodeld in Sources */,
				047325A32C12CD31001929CE /* TableViewCell.swift in Sources */,
				0473256D2C11D548001929CE /* SceneDelegate.swift in Sources */,
			);
			runOnlyForDeploymentPostprocessing = 0;
		};
		0473257C2C11D549001929CE /* Sources */ = {
			isa = PBXSourcesBuildPhase;
			buildActionMask = 2147483647;
			files = (
				047325852C11D549001929CE /* demoTests.swift in Sources */,
			);
			runOnlyForDeploymentPostprocessing = 0;
		};
		047325862C11D549001929CE /* Sources */ = {
			isa = PBXSourcesBuildPhase;
			buildActionMask = 2147483647;
			files = (
				0473258F2C11D549001929CE /* demoUITests.swift in Sources */,
				047325912C11D549001929CE /* demoUITestsLaunchTests.swift in Sources */,
			);
			runOnlyForDeploymentPostprocessing = 0;
		};
/* End PBXSourcesBuildPhase section */

/* Begin PBXTargetDependency section */
		047325822C11D549001929CE /* PBXTargetDependency */ = {
			isa = PBXTargetDependency;
			target = 047325662C11D548001929CE /* demo */;
			targetProxy = 047325812C11D549001929CE /* PBXContainerItemProxy */;
		};
		0473258C2C11D549001929CE /* PBXTargetDependency */ = {
			isa = PBXTargetDependency;
			target = 047325662C11D548001929CE /* demo */;
			targetProxy = 0473258B2C11D549001929CE /* PBXContainerItemProxy */;
		};
/* End PBXTargetDependency section */

/* Begin PBXVariantGroup section */
		047325702C11D548001929CE /* Main.storyboard */ = {
			isa = PBXVariantGroup;
			children = (
				047325712C11D548001929CE /* Base */,
			);
			name = Main.storyboard;
			sourceTree = "<group>";
		};
		047325782C11D549001929CE /* LaunchScreen.storyboard */ = {
			isa = PBXVariantGroup;
			children = (
				047325792C11D549001929CE /* Base */,
			);
			name = LaunchScreen.storyboard;
			sourceTree = "<group>";
		};
/* End PBXVariantGroup section */

/* Begin XCBuildConfiguration section */
		047325922C11D549001929CE /* Debug */ = {
			isa = XCBuildConfiguration;
			buildSettings = {
				ALWAYS_SEARCH_USER_PATHS = NO;
				ASSETCATALOG_COMPILER_GENERATE_SWIFT_ASSET_SYMBOL_EXTENSIONS = YES;
				CLANG_ANALYZER_NONNULL = YES;
				CLANG_ANALYZER_NUMBER_OBJECT_CONVERSION = YES_AGGRESSIVE;
				CLANG_CXX_LANGUAGE_STANDARD = "gnu++20";
				CLANG_ENABLE_MODULES = YES;
				CLANG_ENABLE_OBJC_ARC = YES;
				CLANG_ENABLE_OBJC_WEAK = YES;
				CLANG_WARN_BLOCK_CAPTURE_AUTORELEASING = YES;
				CLANG_WARN_BOOL_CONVERSION = YES;
				CLANG_WARN_COMMA = YES;
				CLANG_WARN_CONSTANT_CONVERSION = YES;
				CLANG_WARN_DEPRECATED_OBJC_IMPLEMENTATIONS = YES;
				CLANG_WARN_DIRECT_OBJC_ISA_USAGE = YES_ERROR;
				CLANG_WARN_DOCUMENTATION_COMMENTS = YES;
				CLANG_WARN_EMPTY_BODY = YES;
				CLANG_WARN_ENUM_CONVERSION = YES;
				CLANG_WARN_INFINITE_RECURSION = YES;
				CLANG_WARN_INT_CONVERSION = YES;
				CLANG_WARN_NON_LITERAL_NULL_CONVERSION = YES;
				CLANG_WARN_OBJC_IMPLICIT_RETAIN_SELF = YES;
				CLANG_WARN_OBJC_LITERAL_CONVERSION = YES;
				CLANG_WARN_OBJC_ROOT_CLASS = YES_ERROR;
				CLANG_WARN_QUOTED_INCLUDE_IN_FRAMEWORK_HEADER = YES;
				CLANG_WARN_RANGE_LOOP_ANALYSIS = YES;
				CLANG_WARN_STRICT_PROTOTYPES = YES;
				CLANG_WARN_SUSPICIOUS_MOVE = YES;
				CLANG_WARN_UNGUARDED_AVAILABILITY = YES_AGGRESSIVE;
				CLANG_WARN_UNREACHABLE_CODE = YES;
				CLANG_WARN__DUPLICATE_METHOD_MATCH = YES;
				COPY_PHASE_STRIP = NO;
				DEBUG_INFORMATION_FORMAT = dwarf;
				ENABLE_STRICT_OBJC_MSGSEND = YES;
				ENABLE_TESTABILITY = YES;
				ENABLE_USER_SCRIPT_SANDBOXING = YES;
				GCC_C_LANGUAGE_STANDARD = gnu17;
				GCC_DYNAMIC_NO_PIC = NO;
				GCC_NO_COMMON_BLOCKS = YES;
				GCC_OPTIMIZATION_LEVEL = 0;
				GCC_PREPROCESSOR_DEFINITIONS = (
					"DEBUG=1",
					"$(inherited)",
				);
				GCC_WARN_64_TO_32_BIT_CONVERSION = YES;
				GCC_WARN_ABOUT_RETURN_TYPE = YES_ERROR;
				GCC_WARN_UNDECLARED_SELECTOR = YES;
				GCC_WARN_UNINITIALIZED_AUTOS = YES_AGGRESSIVE;
				GCC_WARN_UNUSED_FUNCTION = YES;
				GCC_WARN_UNUSED_VARIABLE = YES;
				IPHONEOS_DEPLOYMENT_TARGET = 17.5;
				LOCALIZATION_PREFERS_STRING_CATALOGS = YES;
				MTL_ENABLE_DEBUG_INFO = INCLUDE_SOURCE;
				MTL_FAST_MATH = YES;
				ONLY_ACTIVE_ARCH = YES;
				SDKROOT = iphoneos;
				SWIFT_ACTIVE_COMPILATION_CONDITIONS = "DEBUG $(inherited)";
				SWIFT_OPTIMIZATION_LEVEL = "-Onone";
			};
			name = Debug;
		};
		047325932C11D549001929CE /* Release */ = {
			isa = XCBuildConfiguration;
			buildSettings = {
				ALWAYS_SEARCH_USER_PATHS = NO;
				ASSETCATALOG_COMPILER_GENERATE_SWIFT_ASSET_SYMBOL_EXTENSIONS = YES;
				CLANG_ANALYZER_NONNULL = YES;
				CLANG_ANALYZER_NUMBER_OBJECT_CONVERSION = YES_AGGRESSIVE;
				CLANG_CXX_LANGUAGE_STANDARD = "gnu++20";
				CLANG_ENABLE_MODULES = YES;
				CLANG_ENABLE_OBJC_ARC = YES;
				CLANG_ENABLE_OBJC_WEAK = YES;
				CLANG_WARN_BLOCK_CAPTURE_AUTORELEASING = YES;
				CLANG_WARN_BOOL_CONVERSION = YES;
				CLANG_WARN_COMMA = YES;
				CLANG_WARN_CONSTANT_CONVERSION = YES;
				CLANG_WARN_DEPRECATED_OBJC_IMPLEMENTATIONS = YES;
				CLANG_WARN_DIRECT_OBJC_ISA_USAGE = YES_ERROR;
				CLANG_WARN_DOCUMENTATION_COMMENTS = YES;
				CLANG_WARN_EMPTY_BODY = YES;
				CLANG_WARN_ENUM_CONVERSION = YES;
				CLANG_WARN_INFINITE_RECURSION = YES;
				CLANG_WARN_INT_CONVERSION = YES;
				CLANG_WARN_NON_LITERAL_NULL_CONVERSION = YES;
				CLANG_WARN_OBJC_IMPLICIT_RETAIN_SELF = YES;
				CLANG_WARN_OBJC_LITERAL_CONVERSION = YES;
				CLANG_WARN_OBJC_ROOT_CLASS = YES_ERROR;
				CLANG_WARN_QUOTED_INCLUDE_IN_FRAMEWORK_HEADER = YES;
				CLANG_WARN_RANGE_LOOP_ANALYSIS = YES;
				CLANG_WARN_STRICT_PROTOTYPES = YES;
				CLANG_WARN_SUSPICIOUS_MOVE = YES;
				CLANG_WARN_UNGUARDED_AVAILABILITY = YES_AGGRESSIVE;
				CLANG_WARN_UNREACHABLE_CODE = YES;
				CLANG_WARN__DUPLICATE_METHOD_MATCH = YES;
				COPY_PHASE_STRIP = NO;
				DEBUG_INFORMATION_FORMAT = "dwarf-with-dsym";
				ENABLE_NS_ASSERTIONS = NO;
				ENABLE_STRICT_OBJC_MSGSEND = YES;
				ENABLE_USER_SCRIPT_SANDBOXING = YES;
				GCC_C_LANGUAGE_STANDARD = gnu17;
				GCC_NO_COMMON_BLOCKS = YES;
				GCC_WARN_64_TO_32_BIT_CONVERSION = YES;
				GCC_WARN_ABOUT_RETURN_TYPE = YES_ERROR;
				GCC_WARN_UNDECLARED_SELECTOR = YES;
				GCC_WARN_UNINITIALIZED_AUTOS = YES_AGGRESSIVE;
				GCC_WARN_UNUSED_FUNCTION = YES;
				GCC_WARN_UNUSED_VARIABLE = YES;
				IPHONEOS_DEPLOYMENT_TARGET = 17.5;
				LOCALIZATION_PREFERS_STRING_CATALOGS = YES;
				MTL_ENABLE_DEBUG_INFO = NO;
				MTL_FAST_MATH = YES;
				SDKROOT = iphoneos;
				SWIFT_COMPILATION_MODE = wholemodule;
				VALIDATE_PRODUCT = YES;
			};
			name = Release;
		};
		047325952C11D549001929CE /* Debug */ = {
			isa = XCBuildConfiguration;
			buildSettings = {
				ASSETCATALOG_COMPILER_APPICON_NAME = AppIcon;
				ASSETCATALOG_COMPILER_GLOBAL_ACCENT_COLOR_NAME = AccentColor;
				CODE_SIGN_STYLE = Automatic;
				CURRENT_PROJECT_VERSION = 1;
				GENERATE_INFOPLIST_FILE = YES;
				INFOPLIST_FILE = demo/Info.plist;
				INFOPLIST_KEY_UIApplicationSupportsIndirectInputEvents = YES;
				INFOPLIST_KEY_UILaunchStoryboardName = LaunchScreen;
				INFOPLIST_KEY_UIMainStoryboardFile = Main;
				INFOPLIST_KEY_UISupportedInterfaceOrientations_iPad = "UIInterfaceOrientationPortrait UIInterfaceOrientationPortraitUpsideDown UIInterfaceOrientationLandscapeLeft UIInterfaceOrientationLandscapeRight";
				INFOPLIST_KEY_UISupportedInterfaceOrientations_iPhone = "UIInterfaceOrientationPortrait UIInterfaceOrientationLandscapeLeft UIInterfaceOrientationLandscapeRight";
				LD_RUNPATH_SEARCH_PATHS = (
					"$(inherited)",
					"@executable_path/Frameworks",
				);
				MARKETING_VERSION = 1.0;
				PRODUCT_BUNDLE_IDENTIFIER = com.demo.demo;
				PRODUCT_NAME = "$(TARGET_NAME)";
				SWIFT_EMIT_LOC_STRINGS = YES;
				SWIFT_VERSION = 5.0;
				TARGETED_DEVICE_FAMILY = "1,2";
			};
			name = Debug;
		};
		047325962C11D549001929CE /* Release */ = {
			isa = XCBuildConfiguration;
			buildSettings = {
				ASSETCATALOG_COMPILER_APPICON_NAME = AppIcon;
				ASSETCATALOG_COMPILER_GLOBAL_ACCENT_COLOR_NAME = AccentColor;
				CODE_SIGN_STYLE = Automatic;
				CURRENT_PROJECT_VERSION = 1;
				GENERATE_INFOPLIST_FILE = YES;
				INFOPLIST_FILE = demo/Info.plist;
				INFOPLIST_KEY_UIApplicationSupportsIndirectInputEvents = YES;
				INFOPLIST_KEY_UILaunchStoryboardName = LaunchScreen;
				INFOPLIST_KEY_UIMainStoryboardFile = Main;
				INFOPLIST_KEY_UISupportedInterfaceOrientations_iPad = "UIInterfaceOrientationPortrait UIInterfaceOrientationPortraitUpsideDown UIInterfaceOrientationLandscapeLeft UIInterfaceOrientationLandscapeRight";
				INFOPLIST_KEY_UISupportedInterfaceOrientations_iPhone = "UIInterfaceOrientationPortrait UIInterfaceOrientationLandscapeLeft UIInterfaceOrientationLandscapeRight";
				LD_RUNPATH_SEARCH_PATHS = (
					"$(inherited)",
					"@executable_path/Frameworks",
				);
				MARKETING_VERSION = 1.0;
				PRODUCT_BUNDLE_IDENTIFIER = com.demo.demo;
				PRODUCT_NAME = "$(TARGET_NAME)";
				SWIFT_EMIT_LOC_STRINGS = YES;
				SWIFT_VERSION = 5.0;
				TARGETED_DEVICE_FAMILY = "1,2";
			};
			name = Release;
		};
		047325982C11D549001929CE /* Debug */ = {
			isa = XCBuildConfiguration;
			buildSettings = {
				ALWAYS_EMBED_SWIFT_STANDARD_LIBRARIES = YES;
				BUNDLE_LOADER = "$(TEST_HOST)";
				CODE_SIGN_STYLE = Automatic;
				CURRENT_PROJECT_VERSION = 1;
				GENERATE_INFOPLIST_FILE = YES;
				IPHONEOS_DEPLOYMENT_TARGET = 17.5;
				MARKETING_VERSION = 1.0;
				PRODUCT_BUNDLE_IDENTIFIER = com.demo.demoTests;
				PRODUCT_NAME = "$(TARGET_NAME)";
				SWIFT_EMIT_LOC_STRINGS = NO;
				SWIFT_VERSION = 5.0;
				TARGETED_DEVICE_FAMILY = "1,2";
				TEST_HOST = "$(BUILT_PRODUCTS_DIR)/demo.app/$(BUNDLE_EXECUTABLE_FOLDER_PATH)/demo";
			};
			name = Debug;
		};
		047325992C11D549001929CE /* Release */ = {
			isa = XCBuildConfiguration;
			buildSettings = {
				ALWAYS_EMBED_SWIFT_STANDARD_LIBRARIES = YES;
				BUNDLE_LOADER = "$(TEST_HOST)";
				CODE_SIGN_STYLE = Automatic;
				CURRENT_PROJECT_VERSION = 1;
				GENERATE_INFOPLIST_FILE = YES;
				IPHONEOS_DEPLOYMENT_TARGET = 17.5;
				MARKETING_VERSION = 1.0;
				PRODUCT_BUNDLE_IDENTIFIER = com.demo.demoTests;
				PRODUCT_NAME = "$(TARGET_NAME)";
				SWIFT_EMIT_LOC_STRINGS = NO;
				SWIFT_VERSION = 5.0;
				TARGETED_DEVICE_FAMILY = "1,2";
				TEST_HOST = "$(BUILT_PRODUCTS_DIR)/demo.app/$(BUNDLE_EXECUTABLE_FOLDER_PATH)/demo";
			};
			name = Release;
		};
		0473259B2C11D549001929CE /* Debug */ = {
			isa = XCBuildConfiguration;
			buildSettings = {
				ALWAYS_EMBED_SWIFT_STANDARD_LIBRARIES = YES;
				CODE_SIGN_STYLE = Automatic;
				CURRENT_PROJECT_VERSION = 1;
				GENERATE_INFOPLIST_FILE = YES;
				MARKETING_VERSION = 1.0;
				PRODUCT_BUNDLE_IDENTIFIER = com.demo.demoUITests;
				PRODUCT_NAME = "$(TARGET_NAME)";
				SWIFT_EMIT_LOC_STRINGS = NO;
				SWIFT_VERSION = 5.0;
				TARGETED_DEVICE_FAMILY = "1,2";
				TEST_TARGET_NAME = demo;
			};
			name = Debug;
		};
		0473259C2C11D549001929CE /* Release */ = {
			isa = XCBuildConfiguration;
			buildSettings = {
				ALWAYS_EMBED_SWIFT_STANDARD_LIBRARIES = YES;
				CODE_SIGN_STYLE = Automatic;
				CURRENT_PROJECT_VERSION = 1;
				GENERATE_INFOPLIST_FILE = YES;
				MARKETING_VERSION = 1.0;
				PRODUCT_BUNDLE_IDENTIFIER = com.demo.demoUITests;
				PRODUCT_NAME = "$(TARGET_NAME)";
				SWIFT_EMIT_LOC_STRINGS = NO;
				SWIFT_VERSION = 5.0;
				TARGETED_DEVICE_FAMILY = "1,2";
				TEST_TARGET_NAME = demo;
			};
			name = Release;
		};
/* End XCBuildConfiguration section */

/* Begin XCConfigurationList section */
		047325622C11D548001929CE /* Build configuration list for PBXProject "demo" */ = {
			isa = XCConfigurationList;
			buildConfigurations = (
				047325922C11D549001929CE /* Debug */,
				047325932C11D549001929CE /* Release */,
			);
			defaultConfigurationIsVisible = 0;
			defaultConfigurationName = Release;
		};
		047325942C11D549001929CE /* Build configuration list for PBXNativeTarget "demo" */ = {
			isa = XCConfigurationList;
			buildConfigurations = (
				047325952C11D549001929CE /* Debug */,
				047325962C11D549001929CE /* Release */,
			);
			defaultConfigurationIsVisible = 0;
			defaultConfigurationName = Release;
		};
		047325972C11D549001929CE /* Build configuration list for PBXNativeTarget "demoTests" */ = {
			isa = XCConfigurationList;
			buildConfigurations = (
				047325982C11D549001929CE /* Debug */,
				047325992C11D549001929CE /* Release */,
			);
			defaultConfigurationIsVisible = 0;
			defaultConfigurationName = Release;
		};
		0473259A2C11D549001929CE /* Build configuration list for PBXNativeTarget "demoUITests" */ = {
			isa = XCConfigurationList;
			buildConfigurations = (
				0473259B2C11D549001929CE /* Debug */,
				0473259C2C11D549001929CE /* Release */,
			);
			defaultConfigurationIsVisible = 0;
			defaultConfigurationName = Release;
		};
/* End XCConfigurationList section */

/* Begin XCVersionGroup section */
		047325732C11D548001929CE /* demo.xcdatamodeld */ = {
			isa = XCVersionGroup;
			children = (
				047325742C11D548001929CE /* demo.xcdatamodel */,
			);
			currentVersion = 047325742C11D548001929CE /* demo.xcdatamodel */;
			path = demo.xcdatamodeld;
			sourceTree = "<group>";
			versionGroupType = wrapper.xcdatamodel;
		};
/* End XCVersionGroup section */
	};
	rootObject = 0473255F2C11D548001929CE /* Project object */;
}
